// !$*UTF8*$!
{
	archiveVersion = 1;
	classes = {
	};
	objectVersion = 46;
	objects = {

/* Begin PBXBuildFile section */
		391109191AE926B8003C8CB0 /* data in CopyFiles */ = {isa = PBXBuildFile; fileRef = 391109181AE926B6003C8CB0 /* data */; };
		3911091E1AE926DD003C8CB0 /* LICENSES.md in CopyFiles */ = {isa = PBXBuildFile; fileRef = 3911091A1AE926D3003C8CB0 /* LICENSES.md */; };
		3911091F1AE926DD003C8CB0 /* TEMPLATE.md in CopyFiles */ = {isa = PBXBuildFile; fileRef = 3911091B1AE926D3003C8CB0 /* TEMPLATE.md */; };
		3952A55F1ADAC1C2000DA1D5 /* main.swift in Sources */ = {isa = PBXBuildFile; fileRef = 3952A55E1ADAC1C2000DA1D5 /* main.swift */; };
		FB0827281ADB5E4E003293E8 /* models.swift in Sources */ = {isa = PBXBuildFile; fileRef = FB0827271ADB5E4E003293E8 /* models.swift */; };
		FB08272A1ADB5E77003293E8 /* output.swift in Sources */ = {isa = PBXBuildFile; fileRef = FB0827291ADB5E77003293E8 /* output.swift */; };
/* End PBXBuildFile section */

/* Begin PBXCopyFilesBuildPhase section */
		3952A5591ADAC1C2000DA1D5 /* CopyFiles */ = {
			isa = PBXCopyFilesBuildPhase;
			buildActionMask = 12;
			dstPath = "";
			dstSubfolderSpec = 16;
			files = (
				391109191AE926B8003C8CB0 /* data in CopyFiles */,
				3911091E1AE926DD003C8CB0 /* LICENSES.md in CopyFiles */,
				3911091F1AE926DD003C8CB0 /* TEMPLATE.md in CopyFiles */,
			);
			runOnlyForDeploymentPostprocessing = 0;
		};
/* End PBXCopyFilesBuildPhase section */

/* Begin PBXFileReference section */
		391109181AE926B6003C8CB0 /* data */ = {isa = PBXFileReference; lastKnownFileType = folder; path = data; sourceTree = SOURCE_ROOT; };
		3911091A1AE926D3003C8CB0 /* LICENSES.md */ = {isa = PBXFileReference; fileEncoding = 4; lastKnownFileType = net.daringfireball.markdown; path = LICENSES.md; sourceTree = SOURCE_ROOT; };
		3911091B1AE926D3003C8CB0 /* TEMPLATE.md */ = {isa = PBXFileReference; fileEncoding = 4; lastKnownFileType = net.daringfireball.markdown; path = TEMPLATE.md; sourceTree = SOURCE_ROOT; };
		3952A55B1ADAC1C2000DA1D5 /* awesome-creator */ = {isa = PBXFileReference; explicitFileType = "compiled.mach-o.executable"; includeInIndex = 0; path = "awesome-creator"; sourceTree = BUILT_PRODUCTS_DIR; };
		3952A55E1ADAC1C2000DA1D5 /* main.swift */ = {isa = PBXFileReference; lastKnownFileType = sourcecode.swift; path = main.swift; sourceTree = "<group>"; };
		FB0827271ADB5E4E003293E8 /* models.swift */ = {isa = PBXFileReference; fileEncoding = 4; lastKnownFileType = sourcecode.swift; path = models.swift; sourceTree = "<group>"; };
		FB0827291ADB5E77003293E8 /* output.swift */ = {isa = PBXFileReference; fileEncoding = 4; lastKnownFileType = sourcecode.swift; path = output.swift; sourceTree = "<group>"; };
/* End PBXFileReference section */

/* Begin PBXFrameworksBuildPhase section */
		3952A5581ADAC1C2000DA1D5 /* Frameworks */ = {
			isa = PBXFrameworksBuildPhase;
			buildActionMask = 2147483647;
			files = (
			);
			runOnlyForDeploymentPostprocessing = 0;
		};
/* End PBXFrameworksBuildPhase section */

/* Begin PBXGroup section */
		3952A5521ADAC1C2000DA1D5 = {
			isa = PBXGroup;
			children = (
				3952A55D1ADAC1C2000DA1D5 /* awesome-creator */,
				3952A55C1ADAC1C2000DA1D5 /* Products */,
			);
			sourceTree = "<group>";
		};
		3952A55C1ADAC1C2000DA1D5 /* Products */ = {
			isa = PBXGroup;
			children = (
				3952A55B1ADAC1C2000DA1D5 /* awesome-creator */,
			);
			name = Products;
			sourceTree = "<group>";
		};
		3952A55D1ADAC1C2000DA1D5 /* awesome-creator */ = {
			isa = PBXGroup;
			children = (
				391109181AE926B6003C8CB0 /* data */,
				3911091A1AE926D3003C8CB0 /* LICENSES.md */,
				3911091B1AE926D3003C8CB0 /* TEMPLATE.md */,
				3952A55E1ADAC1C2000DA1D5 /* main.swift */,
				FB0827271ADB5E4E003293E8 /* models.swift */,
				FB0827291ADB5E77003293E8 /* output.swift */,
			);
			path = "awesome-creator";
			sourceTree = "<group>";
		};
/* End PBXGroup section */

/* Begin PBXNativeTarget section */
		3952A55A1ADAC1C2000DA1D5 /* awesome-creator */ = {
			isa = PBXNativeTarget;
			buildConfigurationList = 3952A5621ADAC1C2000DA1D5 /* Build configuration list for PBXNativeTarget "awesome-creator" */;
			buildPhases = (
				3952A5571ADAC1C2000DA1D5 /* Sources */,
				3952A5581ADAC1C2000DA1D5 /* Frameworks */,
				3952A5591ADAC1C2000DA1D5 /* CopyFiles */,
			);
			buildRules = (
			);
			dependencies = (
			);
			name = "awesome-creator";
			productName = "awesome-creator";
			productReference = 3952A55B1ADAC1C2000DA1D5 /* awesome-creator */;
			productType = "com.apple.product-type.tool";
		};
/* End PBXNativeTarget section */

/* Begin PBXProject section */
		3952A5531ADAC1C2000DA1D5 /* Project object */ = {
			isa = PBXProject;
			attributes = {
				LastSwiftMigration = 0700;
				LastSwiftUpdateCheck = 0700;
				LastUpgradeCheck = 0700;
				ORGANIZATIONNAME = "Caesar Wirth";
				TargetAttributes = {
					3952A55A1ADAC1C2000DA1D5 = {
						CreatedOnToolsVersion = 6.3;
					};
				};
			};
			buildConfigurationList = 3952A5561ADAC1C2000DA1D5 /* Build configuration list for PBXProject "awesome-creator" */;
			compatibilityVersion = "Xcode 3.2";
			developmentRegion = English;
			hasScannedForEncodings = 0;
			knownRegions = (
				en,
			);
			mainGroup = 3952A5521ADAC1C2000DA1D5;
			productRefGroup = 3952A55C1ADAC1C2000DA1D5 /* Products */;
			projectDirPath = "";
			projectRoot = "";
			targets = (
				3952A55A1ADAC1C2000DA1D5 /* awesome-creator */,
			);
		};
/* End PBXProject section */

/* Begin PBXSourcesBuildPhase section */
		3952A5571ADAC1C2000DA1D5 /* Sources */ = {
			isa = PBXSourcesBuildPhase;
			buildActionMask = 2147483647;
			files = (
				3952A55F1ADAC1C2000DA1D5 /* main.swift in Sources */,
				FB0827281ADB5E4E003293E8 /* models.swift in Sources */,
				FB08272A1ADB5E77003293E8 /* output.swift in Sources */,
			);
			runOnlyForDeploymentPostprocessing = 0;
		};
/* End PBXSourcesBuildPhase section */

/* Begin XCBuildConfiguration section */
		3952A5601ADAC1C2000DA1D5 /* Debug */ = {
			isa = XCBuildConfiguration;
			buildSettings = {
				ALWAYS_SEARCH_USER_PATHS = NO;
				CLANG_CXX_LANGUAGE_STANDARD = "gnu++0x";
				CLANG_CXX_LIBRARY = "libc++";
				CLANG_ENABLE_MODULES = YES;
				CLANG_ENABLE_OBJC_ARC = YES;
				CLANG_WARN_BOOL_CONVERSION = YES;
				CLANG_WARN_CONSTANT_CONVERSION = YES;
				CLANG_WARN_DIRECT_OBJC_ISA_USAGE = YES_ERROR;
				CLANG_WARN_EMPTY_BODY = YES;
				CLANG_WARN_ENUM_CONVERSION = YES;
				CLANG_WARN_INT_CONVERSION = YES;
				CLANG_WARN_OBJC_ROOT_CLASS = YES_ERROR;
				CLANG_WARN_UNREACHABLE_CODE = YES;
				CLANG_WARN__DUPLICATE_METHOD_MATCH = YES;
				COPY_PHASE_STRIP = NO;
				DEBUG_INFORMATION_FORMAT = dwarf;
				ENABLE_STRICT_OBJC_MSGSEND = YES;
				ENABLE_TESTABILITY = YES;
				GCC_C_LANGUAGE_STANDARD = gnu99;
				GCC_DYNAMIC_NO_PIC = NO;
				GCC_NO_COMMON_BLOCKS = YES;
				GCC_OPTIMIZATION_LEVEL = 0;
				GCC_PREPROCESSOR_DEFINITIONS = (
					"DEBUG=1",
					"$(inherited)",
				);
				GCC_SYMBOLS_PRIVATE_EXTERN = NO;
				GCC_WARN_64_TO_32_BIT_CONVERSION = YES;
				GCC_WARN_ABOUT_RETURN_TYPE = YES_ERROR;
				GCC_WARN_UNDECLARED_SELECTOR = YES;
				GCC_WARN_UNINITIALIZED_AUTOS = YES_AGGRESSIVE;
				GCC_WARN_UNUSED_FUNCTION = YES;
				GCC_WARN_UNUSED_VARIABLE = YES;
				MACOSX_DEPLOYMENT_TARGET = 10.10;
				MTL_ENABLE_DEBUG_INFO = YES;
				ONLY_ACTIVE_ARCH = YES;
				SDKROOT = macosx;
				SWIFT_OPTIMIZATION_LEVEL = "-Onone";
			};
			name = Debug;
		};
		3952A5611ADAC1C2000DA1D5 /* Release */ = {
			isa = XCBuildConfiguration;
			buildSettings = {
				ALWAYS_SEARCH_USER_PATHS = NO;
				CLANG_CXX_LANGUAGE_STANDARD = "gnu++0x";
				CLANG_CXX_LIBRARY = "libc++";
				CLANG_ENABLE_MODULES = YES;
				CLANG_ENABLE_OBJC_ARC = YES;
				CLANG_WARN_BOOL_CONVERSION = YES;
				CLANG_WARN_CONSTANT_CONVERSION = YES;
				CLANG_WARN_DIRECT_OBJC_ISA_USAGE = YES_ERROR;
				CLANG_WARN_EMPTY_BODY = YES;
				CLANG_WARN_ENUM_CONVERSION = YES;
				CLANG_WARN_INT_CONVERSION = YES;
				CLANG_WARN_OBJC_ROOT_CLASS = YES_ERROR;
				CLANG_WARN_UNREACHABLE_CODE = YES;
				CLANG_WARN__DUPLICATE_METHOD_MATCH = YES;
				COPY_PHASE_STRIP = NO;
				DEBUG_INFORMATION_FORMAT = "dwarf-with-dsym";
				ENABLE_NS_ASSERTIONS = NO;
				ENABLE_STRICT_OBJC_MSGSEND = YES;
				GCC_C_LANGUAGE_STANDARD = gnu99;
				GCC_NO_COMMON_BLOCKS = YES;
				GCC_WARN_64_TO_32_BIT_CONVERSION = YES;
				GCC_WARN_ABOUT_RETURN_TYPE = YES_ERROR;
				GCC_WARN_UNDECLARED_SELECTOR = YES;
				GCC_WARN_UNINITIALIZED_AUTOS = YES_AGGRESSIVE;
				GCC_WARN_UNUSED_FUNCTION = YES;
				GCC_WARN_UNUSED_VARIABLE = YES;
				MACOSX_DEPLOYMENT_TARGET = 10.10;
				MTL_ENABLE_DEBUG_INFO = NO;
				SDKROOT = macosx;
			};
			name = Release;
		};
		3952A5631ADAC1C2000DA1D5 /* Debug */ = {
			isa = XCBuildConfiguration;
			buildSettings = {
				PRODUCT_NAME = "$(TARGET_NAME)";
			};
			name = Debug;
		};
		3952A5641ADAC1C2000DA1D5 /* Release */ = {
			isa = XCBuildConfiguration;
			buildSettings = {
				PRODUCT_NAME = "$(TARGET_NAME)";
			};
			name = Release;
		};
/* End XCBuildConfiguration section */

/* Begin XCConfigurationList section */
		3952A5561ADAC1C2000DA1D5 /* Build configuration list for PBXProject "awesome-creator" */ = {
			isa = XCConfigurationList;
			buildConfigurations = (
				3952A5601ADAC1C2000DA1D5 /* Debug */,
				3952A5611ADAC1C2000DA1D5 /* Release */,
			);
			defaultConfigurationIsVisible = 0;
			defaultConfigurationName = Release;
		};
		3952A5621ADAC1C2000DA1D5 /* Build configuration list for PBXNativeTarget "awesome-creator" */ = {
			isa = XCConfigurationList;
			buildConfigurations = (
				3952A5631ADAC1C2000DA1D5 /* Debug */,
				3952A5641ADAC1C2000DA1D5 /* Release */,
			);
			defaultConfigurationIsVisible = 0;
			defaultConfigurationName = Release;
		};
/* End XCConfigurationList section */
	};
	rootObject = 3952A5531ADAC1C2000DA1D5 /* Project object */;
}
